
Microsoft Visual Studio Solution File, Format Version 12.00
# Visual Studio Version 16
VisualStudioVersion = 16.0.31019.35
MinimumVisualStudioVersion = 10.0.40219.1
Project("{FAE04EC0-301F-11D3-BF4B-00C04F79EFBC}") = "H2-ProducerConsumer", "H2-ProducerConcumer\H2-ProducerConsumer.csproj", "{997E6013-8F86-4D30-B6F9-50046117F277}"
EndProject
Global
	GlobalSection(SolutionConfigurationPlatforms) = preSolution
		Debug|Any CPU = Debug|Any CPU
		Release|Any CPU = Release|Any CPU
	EndGlobalSection
	GlobalSection(ProjectConfigurationPlatforms) = postSolution
		{997E6013-8F86-4D30-B6F9-50046117F277}.Debug|Any CPU.ActiveCfg = Debug|Any CPU
		{997E6013-8F86-4D30-B6F9-50046117F277}.Debug|Any CPU.Build.0 = Debug|Any CPU
		{997E6013-8F86-4D30-B6F9-50046117F277}.Release|Any CPU.ActiveCfg = Release|Any CPU
		{997E6013-8F86-4D30-B6F9-50046117F277}.Release|Any CPU.Build.0 = Release|Any CPU
	EndGlobalSection
	GlobalSection(SolutionProperties) = preSolution
		HideSolutionNode = FALSE
	EndGlobalSection
	GlobalSection(ExtensibilityGlobals) = postSolution
		SolutionGuid = {A434693F-C117-4B97-8B24-477B7B67EF5B}
	EndGlobalSection
EndGlobal
